
Microsoft Visual Studio Solution File, Format Version 12.00
# Visual Studio Version 16
VisualStudioVersion = 16.0.29806.167
MinimumVisualStudioVersion = 10.0.40219.1
Project("{9A19103F-16F7-4668-BE54-9A1E7A4F7556}") = "HelloWorld", "HelloWorld\HelloWorld.csproj", "{BD72688E-4E74-459A-9153-97C08C5EC151}"
EndProject
Project("{9A19103F-16F7-4668-BE54-9A1E7A4F7556}") = "Course01", "Course\Course01.csproj", "{11425B27-4EE9-4B8D-9044-3A115FC57668}"
EndProject
Project("{9A19103F-16F7-4668-BE54-9A1E7A4F7556}") = "Exercicio01", "Exercicio01\Exercicio01.csproj", "{D7A6FC4E-552B-4AD6-84DB-F15B900766F9}"
EndProject
Project("{9A19103F-16F7-4668-BE54-9A1E7A4F7556}") = "Exercicio02", "Exercicio02\Exercicio02.csproj", "{392AB859-EA0F-40E0-9DD3-3633EBDA2E71}"
EndProject
Project("{9A19103F-16F7-4668-BE54-9A1E7A4F7556}") = "Course02", "Course02\Course02.csproj", "{B60C97BB-F07E-43A6-82FF-D734D57A56F0}"
EndProject
Project("{FAE04EC0-301F-11D3-BF4B-00C04F79EFBC}") = "Exercicio03", "Execicio03\Exercicio03.csproj", "{7EAE267A-1407-4A24-8228-6AD1C88113BE}"
EndProject
Global
	GlobalSection(SolutionConfigurationPlatforms) = preSolution
		Debug|Any CPU = Debug|Any CPU
		Release|Any CPU = Release|Any CPU
	EndGlobalSection
	GlobalSection(ProjectConfigurationPlatforms) = postSolution
		{BD72688E-4E74-459A-9153-97C08C5EC151}.Debug|Any CPU.ActiveCfg = Debug|Any CPU
		{BD72688E-4E74-459A-9153-97C08C5EC151}.Debug|Any CPU.Build.0 = Debug|Any CPU
		{BD72688E-4E74-459A-9153-97C08C5EC151}.Release|Any CPU.ActiveCfg = Release|Any CPU
		{BD72688E-4E74-459A-9153-97C08C5EC151}.Release|Any CPU.Build.0 = Release|Any CPU
		{11425B27-4EE9-4B8D-9044-3A115FC57668}.Debug|Any CPU.ActiveCfg = Debug|Any CPU
		{11425B27-4EE9-4B8D-9044-3A115FC57668}.Debug|Any CPU.Build.0 = Debug|Any CPU
		{11425B27-4EE9-4B8D-9044-3A115FC57668}.Release|Any CPU.ActiveCfg = Release|Any CPU
		{11425B27-4EE9-4B8D-9044-3A115FC57668}.Release|Any CPU.Build.0 = Release|Any CPU
		{D7A6FC4E-552B-4AD6-84DB-F15B900766F9}.Debug|Any CPU.ActiveCfg = Debug|Any CPU
		{D7A6FC4E-552B-4AD6-84DB-F15B900766F9}.Debug|Any CPU.Build.0 = Debug|Any CPU
		{D7A6FC4E-552B-4AD6-84DB-F15B900766F9}.Release|Any CPU.ActiveCfg = Release|Any CPU
		{D7A6FC4E-552B-4AD6-84DB-F15B900766F9}.Release|Any CPU.Build.0 = Release|Any CPU
		{392AB859-EA0F-40E0-9DD3-3633EBDA2E71}.Debug|Any CPU.ActiveCfg = Debug|Any CPU
		{392AB859-EA0F-40E0-9DD3-3633EBDA2E71}.Debug|Any CPU.Build.0 = Debug|Any CPU
		{392AB859-EA0F-40E0-9DD3-3633EBDA2E71}.Release|Any CPU.ActiveCfg = Release|Any CPU
		{392AB859-EA0F-40E0-9DD3-3633EBDA2E71}.Release|Any CPU.Build.0 = Release|Any CPU
		{B60C97BB-F07E-43A6-82FF-D734D57A56F0}.Debug|Any CPU.ActiveCfg = Debug|Any CPU
		{B60C97BB-F07E-43A6-82FF-D734D57A56F0}.Debug|Any CPU.Build.0 = Debug|Any CPU
		{B60C97BB-F07E-43A6-82FF-D734D57A56F0}.Release|Any CPU.ActiveCfg = Release|Any CPU
		{B60C97BB-F07E-43A6-82FF-D734D57A56F0}.Release|Any CPU.Build.0 = Release|Any CPU
		{7EAE267A-1407-4A24-8228-6AD1C88113BE}.Debug|Any CPU.ActiveCfg = Debug|Any CPU
		{7EAE267A-1407-4A24-8228-6AD1C88113BE}.Debug|Any CPU.Build.0 = Debug|Any CPU
		{7EAE267A-1407-4A24-8228-6AD1C88113BE}.Release|Any CPU.ActiveCfg = Release|Any CPU
		{7EAE267A-1407-4A24-8228-6AD1C88113BE}.Release|Any CPU.Build.0 = Release|Any CPU
	EndGlobalSection
	GlobalSection(SolutionProperties) = preSolution
		HideSolutionNode = FALSE
	EndGlobalSection
	GlobalSection(ExtensibilityGlobals) = postSolution
		SolutionGuid = {1C7E4564-C4CA-4B1C-BF64-82BC30D01FC4}
	EndGlobalSection
EndGlobal
